// !$*UTF8*$!
{
	archiveVersion = 1;
	classes = {
	};
	objectVersion = 52;
	objects = {

/* Begin PBXBuildFile section */
		BA3CDD7B977C9A26A3D52BB2 /* Pods_BoardgameApp.framework in Frameworks */ = {isa = PBXBuildFile; fileRef = DF9C6CC426DC0CDDFF8C8655 /* Pods_BoardgameApp.framework */; };
		C650F1172469C8C50087179A /* Genre.swift in Sources */ = {isa = PBXBuildFile; fileRef = C650F1162469C8C50087179A /* Genre.swift */; };
		C670D79A24591C4900F556BE /* DatabaseService.swift in Sources */ = {isa = PBXBuildFile; fileRef = C670D79924591C4900F556BE /* DatabaseService.swift */; };
		C670D79C24591C6C00F556BE /* AuthenticationSession.swift in Sources */ = {isa = PBXBuildFile; fileRef = C670D79B24591C6C00F556BE /* AuthenticationSession.swift */; };
		C670D79E24591C7C00F556BE /* StorageService.swift in Sources */ = {isa = PBXBuildFile; fileRef = C670D79D24591C7C00F556BE /* StorageService.swift */; };
		C670D7A124591CE400F556BE /* ImageKit in Frameworks */ = {isa = PBXBuildFile; productRef = C670D7A024591CE400F556BE /* ImageKit */; };
		C670D7A324591CF300F556BE /* BoardGameAPIClient.swift in Sources */ = {isa = PBXBuildFile; fileRef = C670D7A224591CF300F556BE /* BoardGameAPIClient.swift */; };
		C670D7A724591D4400F556BE /* ShowAlert.swift in Sources */ = {isa = PBXBuildFile; fileRef = C670D7A624591D4400F556BE /* ShowAlert.swift */; };
		C670D7A924591D8F00F556BE /* DateFormatter.swift in Sources */ = {isa = PBXBuildFile; fileRef = C670D7A824591D8F00F556BE /* DateFormatter.swift */; };
		C670D7AB24591DAE00F556BE /* EmptyView.swift in Sources */ = {isa = PBXBuildFile; fileRef = C670D7AA24591DAE00F556BE /* EmptyView.swift */; };
		C670D7AD2459E5EF00F556BE /* GoogleService-Info.plist in Resources */ = {isa = PBXBuildFile; fileRef = C670D7AC2459E5EE00F556BE /* GoogleService-Info.plist */; };
		C687024E2458D8970037F22D /* HomePageViewController.swift in Sources */ = {isa = PBXBuildFile; fileRef = C687024D2458D8970037F22D /* HomePageViewController.swift */; };
		C68702502458D8C30037F22D /* ExplorePageViewController.swift in Sources */ = {isa = PBXBuildFile; fileRef = C687024F2458D8C30037F22D /* ExplorePageViewController.swift */; };
		C68702522458D8E50037F22D /* ProfilePageViewController.swift in Sources */ = {isa = PBXBuildFile; fileRef = C68702512458D8E50037F22D /* ProfilePageViewController.swift */; };
		C68702542458D8F50037F22D /* FilterViewController.swift in Sources */ = {isa = PBXBuildFile; fileRef = C68702532458D8F50037F22D /* FilterViewController.swift */; };
		C68702562458D9140037F22D /* GameDetailViewController.swift in Sources */ = {isa = PBXBuildFile; fileRef = C68702552458D9140037F22D /* GameDetailViewController.swift */; };
		C687025E245917A70037F22D /* GameResults.swift in Sources */ = {isa = PBXBuildFile; fileRef = C687025D245917A70037F22D /* GameResults.swift */; };
		C687026024591A770037F22D /* GameReview.swift in Sources */ = {isa = PBXBuildFile; fileRef = C687025F24591A770037F22D /* GameReview.swift */; };
		C6BCC2F62460BC63003DFED3 /* GameCell.xib in Resources */ = {isa = PBXBuildFile; fileRef = C6BCC2F52460BC62003DFED3 /* GameCell.xib */; };
		C6C31047246C7A4C00A47846 /* ResizeImage.swift in Sources */ = {isa = PBXBuildFile; fileRef = C6C31046246C7A4C00A47846 /* ResizeImage.swift */; };
		C6C31049246C85D700A47846 /* CollectedGame.swift in Sources */ = {isa = PBXBuildFile; fileRef = C6C31048246C85D700A47846 /* CollectedGame.swift */; };
		C6C3104B246C86C000A47846 /* Categories.swift in Sources */ = {isa = PBXBuildFile; fileRef = C6C3104A246C86C000A47846 /* Categories.swift */; };
		C6C400B4245B132800846A31 /* Secrets.swift in Sources */ = {isa = PBXBuildFile; fileRef = C6C400B3245B132800846A31 /* Secrets.swift */; };
		C6C400B6245B5E8500846A31 /* ViewController+Ext.swift in Sources */ = {isa = PBXBuildFile; fileRef = C6C400B5245B5E8500846A31 /* ViewController+Ext.swift */; };
		C6C400B8245B5F7300846A31 /* MainAppTabBarViewController.swift in Sources */ = {isa = PBXBuildFile; fileRef = C6C400B7245B5F7300846A31 /* MainAppTabBarViewController.swift */; };
		C6C400BA245B6F2F00846A31 /* GameCell.swift in Sources */ = {isa = PBXBuildFile; fileRef = C6C400B9245B6F2F00846A31 /* GameCell.swift */; };
		C6C400BC245B719F00846A31 /* FilterCell.swift in Sources */ = {isa = PBXBuildFile; fileRef = C6C400BB245B719F00846A31 /* FilterCell.swift */; };
		C6C400BE245B773100846A31 /* GenreCell.swift in Sources */ = {isa = PBXBuildFile; fileRef = C6C400BD245B773100846A31 /* GenreCell.swift */; };
		C6C400C0245B818B00846A31 /* ReviewCell.swift in Sources */ = {isa = PBXBuildFile; fileRef = C6C400BF245B818B00846A31 /* ReviewCell.swift */; };
		C6C53CC52457551700F1F361 /* AppDelegate.swift in Sources */ = {isa = PBXBuildFile; fileRef = C6C53CC42457551700F1F361 /* AppDelegate.swift */; };
		C6C53CC72457551700F1F361 /* SceneDelegate.swift in Sources */ = {isa = PBXBuildFile; fileRef = C6C53CC62457551700F1F361 /* SceneDelegate.swift */; };
		C6C53CC92457551700F1F361 /* LoginViewController.swift in Sources */ = {isa = PBXBuildFile; fileRef = C6C53CC82457551700F1F361 /* LoginViewController.swift */; };
		C6C53CCC2457551700F1F361 /* Main.storyboard in Resources */ = {isa = PBXBuildFile; fileRef = C6C53CCA2457551700F1F361 /* Main.storyboard */; };
		C6C53CCE2457551A00F1F361 /* Assets.xcassets in Resources */ = {isa = PBXBuildFile; fileRef = C6C53CCD2457551A00F1F361 /* Assets.xcassets */; };
		C6C53CD12457551A00F1F361 /* LaunchScreen.storyboard in Resources */ = {isa = PBXBuildFile; fileRef = C6C53CCF2457551A00F1F361 /* LaunchScreen.storyboard */; };
		C6C53CD9245755A000F1F361 /* MainAppStoryboard.storyboard in Resources */ = {isa = PBXBuildFile; fileRef = C6C53CD8245755A000F1F361 /* MainAppStoryboard.storyboard */; };
		C6C61603245B8A040070F648 /* ReviewCell.xib in Resources */ = {isa = PBXBuildFile; fileRef = C6C61602245B8A040070F648 /* ReviewCell.xib */; };
		C6E934EE2462662500269CAC /* Designable.swift in Sources */ = {isa = PBXBuildFile; fileRef = C6E934ED2462662500269CAC /* Designable.swift */; };
		C6ED73FD246C45B300FBA65C /* CollectionCell.swift in Sources */ = {isa = PBXBuildFile; fileRef = C6ED73FC246C45B300FBA65C /* CollectionCell.swift */; };
		C6ED73FF246C462A00FBA65C /* AddToCollectionViewController.swift in Sources */ = {isa = PBXBuildFile; fileRef = C6ED73FE246C462A00FBA65C /* AddToCollectionViewController.swift */; };
		C6ED7401246C499D00FBA65C /* EditProfileViewController.swift in Sources */ = {isa = PBXBuildFile; fileRef = C6ED7400246C499D00FBA65C /* EditProfileViewController.swift */; };
/* End PBXBuildFile section */

/* Begin PBXFileReference section */
		2A700813B432E85823C5E5B9 /* Pods-BoardgameApp.debug.xcconfig */ = {isa = PBXFileReference; includeInIndex = 1; lastKnownFileType = text.xcconfig; name = "Pods-BoardgameApp.debug.xcconfig"; path = "Target Support Files/Pods-BoardgameApp/Pods-BoardgameApp.debug.xcconfig"; sourceTree = "<group>"; };
		38E47C788B31BB17FCAFAEE6 /* Pods-BoardgameApp.release.xcconfig */ = {isa = PBXFileReference; includeInIndex = 1; lastKnownFileType = text.xcconfig; name = "Pods-BoardgameApp.release.xcconfig"; path = "Target Support Files/Pods-BoardgameApp/Pods-BoardgameApp.release.xcconfig"; sourceTree = "<group>"; };
		C650F1162469C8C50087179A /* Genre.swift */ = {isa = PBXFileReference; lastKnownFileType = sourcecode.swift; path = Genre.swift; sourceTree = "<group>"; };
		C670D79924591C4900F556BE /* DatabaseService.swift */ = {isa = PBXFileReference; lastKnownFileType = sourcecode.swift; path = DatabaseService.swift; sourceTree = "<group>"; };
		C670D79B24591C6C00F556BE /* AuthenticationSession.swift */ = {isa = PBXFileReference; lastKnownFileType = sourcecode.swift; path = AuthenticationSession.swift; sourceTree = "<group>"; };
		C670D79D24591C7C00F556BE /* StorageService.swift */ = {isa = PBXFileReference; lastKnownFileType = sourcecode.swift; path = StorageService.swift; sourceTree = "<group>"; };
		C670D7A224591CF300F556BE /* BoardGameAPIClient.swift */ = {isa = PBXFileReference; lastKnownFileType = sourcecode.swift; path = BoardGameAPIClient.swift; sourceTree = "<group>"; };
		C670D7A624591D4400F556BE /* ShowAlert.swift */ = {isa = PBXFileReference; lastKnownFileType = sourcecode.swift; path = ShowAlert.swift; sourceTree = "<group>"; };
		C670D7A824591D8F00F556BE /* DateFormatter.swift */ = {isa = PBXFileReference; lastKnownFileType = sourcecode.swift; path = DateFormatter.swift; sourceTree = "<group>"; };
		C670D7AA24591DAE00F556BE /* EmptyView.swift */ = {isa = PBXFileReference; lastKnownFileType = sourcecode.swift; path = EmptyView.swift; sourceTree = "<group>"; };
		C670D7AC2459E5EE00F556BE /* GoogleService-Info.plist */ = {isa = PBXFileReference; lastKnownFileType = text.plist; path = "GoogleService-Info.plist"; sourceTree = SOURCE_ROOT; };
		C687024D2458D8970037F22D /* HomePageViewController.swift */ = {isa = PBXFileReference; lastKnownFileType = sourcecode.swift; path = HomePageViewController.swift; sourceTree = "<group>"; };
		C687024F2458D8C30037F22D /* ExplorePageViewController.swift */ = {isa = PBXFileReference; lastKnownFileType = sourcecode.swift; path = ExplorePageViewController.swift; sourceTree = "<group>"; };
		C68702512458D8E50037F22D /* ProfilePageViewController.swift */ = {isa = PBXFileReference; lastKnownFileType = sourcecode.swift; path = ProfilePageViewController.swift; sourceTree = "<group>"; };
		C68702532458D8F50037F22D /* FilterViewController.swift */ = {isa = PBXFileReference; lastKnownFileType = sourcecode.swift; path = FilterViewController.swift; sourceTree = "<group>"; };
		C68702552458D9140037F22D /* GameDetailViewController.swift */ = {isa = PBXFileReference; lastKnownFileType = sourcecode.swift; path = GameDetailViewController.swift; sourceTree = "<group>"; };
		C687025D245917A70037F22D /* GameResults.swift */ = {isa = PBXFileReference; lastKnownFileType = sourcecode.swift; path = GameResults.swift; sourceTree = "<group>"; };
		C687025F24591A770037F22D /* GameReview.swift */ = {isa = PBXFileReference; lastKnownFileType = sourcecode.swift; path = GameReview.swift; sourceTree = "<group>"; };
		C6BCC2F52460BC62003DFED3 /* GameCell.xib */ = {isa = PBXFileReference; lastKnownFileType = file.xib; path = GameCell.xib; sourceTree = "<group>"; };
		C6C31046246C7A4C00A47846 /* ResizeImage.swift */ = {isa = PBXFileReference; lastKnownFileType = sourcecode.swift; path = ResizeImage.swift; sourceTree = "<group>"; };
		C6C31048246C85D700A47846 /* CollectedGame.swift */ = {isa = PBXFileReference; lastKnownFileType = sourcecode.swift; path = CollectedGame.swift; sourceTree = "<group>"; };
		C6C3104A246C86C000A47846 /* Categories.swift */ = {isa = PBXFileReference; fileEncoding = 4; lastKnownFileType = sourcecode.swift; path = Categories.swift; sourceTree = "<group>"; };
		C6C400B3245B132800846A31 /* Secrets.swift */ = {isa = PBXFileReference; lastKnownFileType = sourcecode.swift; path = Secrets.swift; sourceTree = "<group>"; };
		C6C400B5245B5E8500846A31 /* ViewController+Ext.swift */ = {isa = PBXFileReference; lastKnownFileType = sourcecode.swift; path = "ViewController+Ext.swift"; sourceTree = "<group>"; };
		C6C400B7245B5F7300846A31 /* MainAppTabBarViewController.swift */ = {isa = PBXFileReference; lastKnownFileType = sourcecode.swift; path = MainAppTabBarViewController.swift; sourceTree = "<group>"; };
		C6C400B9245B6F2F00846A31 /* GameCell.swift */ = {isa = PBXFileReference; lastKnownFileType = sourcecode.swift; path = GameCell.swift; sourceTree = "<group>"; };
		C6C400BB245B719F00846A31 /* FilterCell.swift */ = {isa = PBXFileReference; lastKnownFileType = sourcecode.swift; path = FilterCell.swift; sourceTree = "<group>"; };
		C6C400BD245B773100846A31 /* GenreCell.swift */ = {isa = PBXFileReference; lastKnownFileType = sourcecode.swift; path = GenreCell.swift; sourceTree = "<group>"; };
		C6C400BF245B818B00846A31 /* ReviewCell.swift */ = {isa = PBXFileReference; lastKnownFileType = sourcecode.swift; path = ReviewCell.swift; sourceTree = "<group>"; };
		C6C53CC12457551700F1F361 /* BoardgameApp.app */ = {isa = PBXFileReference; explicitFileType = wrapper.application; includeInIndex = 0; path = BoardgameApp.app; sourceTree = BUILT_PRODUCTS_DIR; };
		C6C53CC42457551700F1F361 /* AppDelegate.swift */ = {isa = PBXFileReference; lastKnownFileType = sourcecode.swift; path = AppDelegate.swift; sourceTree = "<group>"; };
		C6C53CC62457551700F1F361 /* SceneDelegate.swift */ = {isa = PBXFileReference; lastKnownFileType = sourcecode.swift; path = SceneDelegate.swift; sourceTree = "<group>"; };
		C6C53CC82457551700F1F361 /* LoginViewController.swift */ = {isa = PBXFileReference; lastKnownFileType = sourcecode.swift; path = LoginViewController.swift; sourceTree = "<group>"; };
		C6C53CCB2457551700F1F361 /* Base */ = {isa = PBXFileReference; lastKnownFileType = file.storyboard; name = Base; path = Base.lproj/Main.storyboard; sourceTree = "<group>"; };
		C6C53CCD2457551A00F1F361 /* Assets.xcassets */ = {isa = PBXFileReference; lastKnownFileType = folder.assetcatalog; path = Assets.xcassets; sourceTree = "<group>"; };
		C6C53CD02457551A00F1F361 /* Base */ = {isa = PBXFileReference; lastKnownFileType = file.storyboard; name = Base; path = Base.lproj/LaunchScreen.storyboard; sourceTree = "<group>"; };
		C6C53CD22457551A00F1F361 /* Info.plist */ = {isa = PBXFileReference; lastKnownFileType = text.plist.xml; path = Info.plist; sourceTree = "<group>"; };
		C6C53CD8245755A000F1F361 /* MainAppStoryboard.storyboard */ = {isa = PBXFileReference; lastKnownFileType = file.storyboard; path = MainAppStoryboard.storyboard; sourceTree = "<group>"; };
		C6C61602245B8A040070F648 /* ReviewCell.xib */ = {isa = PBXFileReference; lastKnownFileType = file.xib; path = ReviewCell.xib; sourceTree = "<group>"; };
		C6E934ED2462662500269CAC /* Designable.swift */ = {isa = PBXFileReference; lastKnownFileType = sourcecode.swift; path = Designable.swift; sourceTree = "<group>"; };
		C6ED73FC246C45B300FBA65C /* CollectionCell.swift */ = {isa = PBXFileReference; lastKnownFileType = sourcecode.swift; path = CollectionCell.swift; sourceTree = "<group>"; };
		C6ED73FE246C462A00FBA65C /* AddToCollectionViewController.swift */ = {isa = PBXFileReference; lastKnownFileType = sourcecode.swift; path = AddToCollectionViewController.swift; sourceTree = "<group>"; };
		C6ED7400246C499D00FBA65C /* EditProfileViewController.swift */ = {isa = PBXFileReference; lastKnownFileType = sourcecode.swift; path = EditProfileViewController.swift; sourceTree = "<group>"; };
		DF9C6CC426DC0CDDFF8C8655 /* Pods_BoardgameApp.framework */ = {isa = PBXFileReference; explicitFileType = wrapper.framework; includeInIndex = 0; path = Pods_BoardgameApp.framework; sourceTree = BUILT_PRODUCTS_DIR; };
/* End PBXFileReference section */

/* Begin PBXFrameworksBuildPhase section */
		C6C53CBE2457551700F1F361 /* Frameworks */ = {
			isa = PBXFrameworksBuildPhase;
			buildActionMask = 2147483647;
			files = (
				BA3CDD7B977C9A26A3D52BB2 /* Pods_BoardgameApp.framework in Frameworks */,
				C670D7A124591CE400F556BE /* ImageKit in Frameworks */,
			);
			runOnlyForDeploymentPostprocessing = 0;
		};
/* End PBXFrameworksBuildPhase section */

/* Begin PBXGroup section */
		147659611C57C39A56137F2E /* Frameworks */ = {
			isa = PBXGroup;
			children = (
				DF9C6CC426DC0CDDFF8C8655 /* Pods_BoardgameApp.framework */,
			);
			name = Frameworks;
			sourceTree = "<group>";
		};
		3AEEBB3D94339BD0B9804897 /* Pods */ = {
			isa = PBXGroup;
			children = (
				2A700813B432E85823C5E5B9 /* Pods-BoardgameApp.debug.xcconfig */,
				38E47C788B31BB17FCAFAEE6 /* Pods-BoardgameApp.release.xcconfig */,
			);
			path = Pods;
			sourceTree = "<group>";
		};
		C670D7A424591CFE00F556BE /* NetworkServices */ = {
			isa = PBXGroup;
			children = (
				C670D7A224591CF300F556BE /* BoardGameAPIClient.swift */,
			);
			path = NetworkServices;
			sourceTree = "<group>";
		};
		C670D7A524591D1800F556BE /* SupportingFiles */ = {
			isa = PBXGroup;
			children = (
				C6C53CC42457551700F1F361 /* AppDelegate.swift */,
				C6C53CC62457551700F1F361 /* SceneDelegate.swift */,
			);
			path = SupportingFiles;
			sourceTree = "<group>";
		};
		C687024B2458D7B70037F22D /* ViewControllers */ = {
			isa = PBXGroup;
			children = (
				C6C53CC82457551700F1F361 /* LoginViewController.swift */,
				C6C400B7245B5F7300846A31 /* MainAppTabBarViewController.swift */,
				C687024D2458D8970037F22D /* HomePageViewController.swift */,
				C687024F2458D8C30037F22D /* ExplorePageViewController.swift */,
				C68702512458D8E50037F22D /* ProfilePageViewController.swift */,
				C6ED7400246C499D00FBA65C /* EditProfileViewController.swift */,
				C68702532458D8F50037F22D /* FilterViewController.swift */,
				C68702552458D9140037F22D /* GameDetailViewController.swift */,
				C6ED73FE246C462A00FBA65C /* AddToCollectionViewController.swift */,
			);
			path = ViewControllers;
			sourceTree = "<group>";
		};
		C687024C2458D7D20037F22D /* Storyboards */ = {
			isa = PBXGroup;
			children = (
				C6C53CCA2457551700F1F361 /* Main.storyboard */,
				C6C53CD8245755A000F1F361 /* MainAppStoryboard.storyboard */,
			);
			name = Storyboards;
			sourceTree = "<group>";
		};
		C68702592458DF3C0037F22D /* Cells */ = {
			isa = PBXGroup;
			children = (
				C6C400B9245B6F2F00846A31 /* GameCell.swift */,
				C6BCC2F52460BC62003DFED3 /* GameCell.xib */,
				C6C400BB245B719F00846A31 /* FilterCell.swift */,
				C6C400BD245B773100846A31 /* GenreCell.swift */,
				C6C400BF245B818B00846A31 /* ReviewCell.swift */,
				C6C61602245B8A040070F648 /* ReviewCell.xib */,
				C6ED73FC246C45B300FBA65C /* CollectionCell.swift */,
			);
			path = Cells;
			sourceTree = "<group>";
		};
		C687025A2459158F0037F22D /* FirebaseServices */ = {
			isa = PBXGroup;
			children = (
				C670D79B24591C6C00F556BE /* AuthenticationSession.swift */,
				C670D79924591C4900F556BE /* DatabaseService.swift */,
				C670D79D24591C7C00F556BE /* StorageService.swift */,
			);
			path = FirebaseServices;
			sourceTree = "<group>";
		};
		C687025B2459159E0037F22D /* Extensions */ = {
			isa = PBXGroup;
			children = (
				C670D7A624591D4400F556BE /* ShowAlert.swift */,
				C670D7A824591D8F00F556BE /* DateFormatter.swift */,
				C670D7AA24591DAE00F556BE /* EmptyView.swift */,
				C6C400B5245B5E8500846A31 /* ViewController+Ext.swift */,
				C6E934ED2462662500269CAC /* Designable.swift */,
				C6C31046246C7A4C00A47846 /* ResizeImage.swift */,
			);
			path = Extensions;
			sourceTree = "<group>";
		};
		C687025C245915A70037F22D /* Models */ = {
			isa = PBXGroup;
			children = (
				C687025D245917A70037F22D /* GameResults.swift */,
				C687025F24591A770037F22D /* GameReview.swift */,
				C650F1162469C8C50087179A /* Genre.swift */,
				C6C3104A246C86C000A47846 /* Categories.swift */,
				C6C31048246C85D700A47846 /* CollectedGame.swift */,
			);
			path = Models;
			sourceTree = "<group>";
		};
		C6C400B1245B130E00846A31 /* Secrets */ = {
			isa = PBXGroup;
			children = (
				C6C400B3245B132800846A31 /* Secrets.swift */,
			);
			path = Secrets;
			sourceTree = "<group>";
		};
		C6C53CB82457551700F1F361 = {
			isa = PBXGroup;
			children = (
				C6C53CC32457551700F1F361 /* BoardgameApp */,
				C6C53CC22457551700F1F361 /* Products */,
				3AEEBB3D94339BD0B9804897 /* Pods */,
				147659611C57C39A56137F2E /* Frameworks */,
			);
			sourceTree = "<group>";
		};
		C6C53CC22457551700F1F361 /* Products */ = {
			isa = PBXGroup;
			children = (
				C6C53CC12457551700F1F361 /* BoardgameApp.app */,
			);
			name = Products;
			sourceTree = "<group>";
		};
		C6C53CC32457551700F1F361 /* BoardgameApp */ = {
			isa = PBXGroup;
			children = (
				C670D7A524591D1800F556BE /* SupportingFiles */,
				C687025B2459159E0037F22D /* Extensions */,
				C6C400B1245B130E00846A31 /* Secrets */,
				C687025C245915A70037F22D /* Models */,
				C670D7A424591CFE00F556BE /* NetworkServices */,
				C687025A2459158F0037F22D /* FirebaseServices */,
				C687024B2458D7B70037F22D /* ViewControllers */,
				C68702592458DF3C0037F22D /* Cells */,
				C687024C2458D7D20037F22D /* Storyboards */,
				C6C53CCD2457551A00F1F361 /* Assets.xcassets */,
				C6C53CCF2457551A00F1F361 /* LaunchScreen.storyboard */,
				C670D7AC2459E5EE00F556BE /* GoogleService-Info.plist */,
				C6C53CD22457551A00F1F361 /* Info.plist */,
			);
			path = BoardgameApp;
			sourceTree = "<group>";
		};
/* End PBXGroup section */

/* Begin PBXNativeTarget section */
		C6C53CC02457551700F1F361 /* BoardgameApp */ = {
			isa = PBXNativeTarget;
			buildConfigurationList = C6C53CD52457551A00F1F361 /* Build configuration list for PBXNativeTarget "BoardgameApp" */;
			buildPhases = (
				B271E9DAA7BF56C7E74886CD /* [CP] Check Pods Manifest.lock */,
				C6C53CBD2457551700F1F361 /* Sources */,
				C6C53CBE2457551700F1F361 /* Frameworks */,
				C6C53CBF2457551700F1F361 /* Resources */,
				06F03E3CC81E0131CEED93AB /* [CP] Embed Pods Frameworks */,
			);
			buildRules = (
			);
			dependencies = (
			);
			name = BoardgameApp;
			packageProductDependencies = (
				C670D7A024591CE400F556BE /* ImageKit */,
			);
			productName = BoardgameApp;
			productReference = C6C53CC12457551700F1F361 /* BoardgameApp.app */;
			productType = "com.apple.product-type.application";
		};
/* End PBXNativeTarget section */

/* Begin PBXProject section */
		C6C53CB92457551700F1F361 /* Project object */ = {
			isa = PBXProject;
			attributes = {
				LastSwiftUpdateCheck = 1140;
				LastUpgradeCheck = 1140;
				ORGANIZATIONNAME = "casandra grullon";
				TargetAttributes = {
					C6C53CC02457551700F1F361 = {
						CreatedOnToolsVersion = 11.4;
					};
				};
			};
			buildConfigurationList = C6C53CBC2457551700F1F361 /* Build configuration list for PBXProject "BoardgameApp" */;
			compatibilityVersion = "Xcode 9.3";
			developmentRegion = en;
			hasScannedForEncodings = 0;
			knownRegions = (
				en,
				Base,
			);
			mainGroup = C6C53CB82457551700F1F361;
			packageReferences = (
				C670D79F24591CE400F556BE /* XCRemoteSwiftPackageReference "ImageKit" */,
			);
			productRefGroup = C6C53CC22457551700F1F361 /* Products */;
			projectDirPath = "";
			projectRoot = "";
			targets = (
				C6C53CC02457551700F1F361 /* BoardgameApp */,
			);
		};
/* End PBXProject section */

/* Begin PBXResourcesBuildPhase section */
		C6C53CBF2457551700F1F361 /* Resources */ = {
			isa = PBXResourcesBuildPhase;
			buildActionMask = 2147483647;
			files = (
				C6C53CD12457551A00F1F361 /* LaunchScreen.storyboard in Resources */,
				C6C53CCE2457551A00F1F361 /* Assets.xcassets in Resources */,
				C670D7AD2459E5EF00F556BE /* GoogleService-Info.plist in Resources */,
				C6BCC2F62460BC63003DFED3 /* GameCell.xib in Resources */,
				C6C53CD9245755A000F1F361 /* MainAppStoryboard.storyboard in Resources */,
				C6C53CCC2457551700F1F361 /* Main.storyboard in Resources */,
				C6C61603245B8A040070F648 /* ReviewCell.xib in Resources */,
			);
			runOnlyForDeploymentPostprocessing = 0;
		};
/* End PBXResourcesBuildPhase section */

/* Begin PBXShellScriptBuildPhase section */
		06F03E3CC81E0131CEED93AB /* [CP] Embed Pods Frameworks */ = {
			isa = PBXShellScriptBuildPhase;
			buildActionMask = 2147483647;
			files = (
			);
			inputFileListPaths = (
				"${PODS_ROOT}/Target Support Files/Pods-BoardgameApp/Pods-BoardgameApp-frameworks-${CONFIGURATION}-input-files.xcfilelist",
			);
			name = "[CP] Embed Pods Frameworks";
			outputFileListPaths = (
				"${PODS_ROOT}/Target Support Files/Pods-BoardgameApp/Pods-BoardgameApp-frameworks-${CONFIGURATION}-output-files.xcfilelist",
			);
			runOnlyForDeploymentPostprocessing = 0;
			shellPath = /bin/sh;
			shellScript = "\"${PODS_ROOT}/Target Support Files/Pods-BoardgameApp/Pods-BoardgameApp-frameworks.sh\"\n";
			showEnvVarsInLog = 0;
		};
		B271E9DAA7BF56C7E74886CD /* [CP] Check Pods Manifest.lock */ = {
			isa = PBXShellScriptBuildPhase;
			buildActionMask = 2147483647;
			files = (
			);
			inputFileListPaths = (
			);
			inputPaths = (
				"${PODS_PODFILE_DIR_PATH}/Podfile.lock",
				"${PODS_ROOT}/Manifest.lock",
			);
			name = "[CP] Check Pods Manifest.lock";
			outputFileListPaths = (
			);
			outputPaths = (
				"$(DERIVED_FILE_DIR)/Pods-BoardgameApp-checkManifestLockResult.txt",
			);
			runOnlyForDeploymentPostprocessing = 0;
			shellPath = /bin/sh;
			shellScript = "diff \"${PODS_PODFILE_DIR_PATH}/Podfile.lock\" \"${PODS_ROOT}/Manifest.lock\" > /dev/null\nif [ $? != 0 ] ; then\n    # print error to STDERR\n    echo \"error: The sandbox is not in sync with the Podfile.lock. Run 'pod install' or update your CocoaPods installation.\" >&2\n    exit 1\nfi\n# This output is used by Xcode 'outputs' to avoid re-running this script phase.\necho \"SUCCESS\" > \"${SCRIPT_OUTPUT_FILE_0}\"\n";
			showEnvVarsInLog = 0;
		};
/* End PBXShellScriptBuildPhase section */

/* Begin PBXSourcesBuildPhase section */
		C6C53CBD2457551700F1F361 /* Sources */ = {
			isa = PBXSourcesBuildPhase;
			buildActionMask = 2147483647;
			files = (
				C650F1172469C8C50087179A /* Genre.swift in Sources */,
				C6C400B4245B132800846A31 /* Secrets.swift in Sources */,
				C6C400C0245B818B00846A31 /* ReviewCell.swift in Sources */,
				C670D7A324591CF300F556BE /* BoardGameAPIClient.swift in Sources */,
				C68702542458D8F50037F22D /* FilterViewController.swift in Sources */,
				C687026024591A770037F22D /* GameReview.swift in Sources */,
				C670D7A724591D4400F556BE /* ShowAlert.swift in Sources */,
				C687025E245917A70037F22D /* GameResults.swift in Sources */,
				C6ED7401246C499D00FBA65C /* EditProfileViewController.swift in Sources */,
				C68702502458D8C30037F22D /* ExplorePageViewController.swift in Sources */,
				C6ED73FF246C462A00FBA65C /* AddToCollectionViewController.swift in Sources */,
				C68702522458D8E50037F22D /* ProfilePageViewController.swift in Sources */,
				C670D7A924591D8F00F556BE /* DateFormatter.swift in Sources */,
				C6ED73FD246C45B300FBA65C /* CollectionCell.swift in Sources */,
				C6C31047246C7A4C00A47846 /* ResizeImage.swift in Sources */,
				C6C400B8245B5F7300846A31 /* MainAppTabBarViewController.swift in Sources */,
				C687024E2458D8970037F22D /* HomePageViewController.swift in Sources */,
				C6C3104B246C86C000A47846 /* Categories.swift in Sources */,
				C6C400BE245B773100846A31 /* GenreCell.swift in Sources */,
				C6C400BA245B6F2F00846A31 /* GameCell.swift in Sources */,
				C6C31049246C85D700A47846 /* CollectedGame.swift in Sources */,
				C670D79A24591C4900F556BE /* DatabaseService.swift in Sources */,
				C670D7AB24591DAE00F556BE /* EmptyView.swift in Sources */,
				C6C400BC245B719F00846A31 /* FilterCell.swift in Sources */,
				C6C53CC92457551700F1F361 /* LoginViewController.swift in Sources */,
				C6E934EE2462662500269CAC /* Designable.swift in Sources */,
				C6C400B6245B5E8500846A31 /* ViewController+Ext.swift in Sources */,
				C68702562458D9140037F22D /* GameDetailViewController.swift in Sources */,
				C6C53CC52457551700F1F361 /* AppDelegate.swift in Sources */,
				C6C53CC72457551700F1F361 /* SceneDelegate.swift in Sources */,
				C670D79C24591C6C00F556BE /* AuthenticationSession.swift in Sources */,
				C670D79E24591C7C00F556BE /* StorageService.swift in Sources */,
			);
			runOnlyForDeploymentPostprocessing = 0;
		};
/* End PBXSourcesBuildPhase section */

/* Begin PBXVariantGroup section */
		C6C53CCA2457551700F1F361 /* Main.storyboard */ = {
			isa = PBXVariantGroup;
			children = (
				C6C53CCB2457551700F1F361 /* Base */,
			);
			name = Main.storyboard;
			sourceTree = "<group>";
		};
		C6C53CCF2457551A00F1F361 /* LaunchScreen.storyboard */ = {
			isa = PBXVariantGroup;
			children = (
				C6C53CD02457551A00F1F361 /* Base */,
			);
			name = LaunchScreen.storyboard;
			sourceTree = "<group>";
		};
/* End PBXVariantGroup section */

/* Begin XCBuildConfiguration section */
		C6C53CD32457551A00F1F361 /* Debug */ = {
			isa = XCBuildConfiguration;
			buildSettings = {
				ALWAYS_SEARCH_USER_PATHS = NO;
				CLANG_ANALYZER_NONNULL = YES;
				CLANG_ANALYZER_NUMBER_OBJECT_CONVERSION = YES_AGGRESSIVE;
				CLANG_CXX_LANGUAGE_STANDARD = "gnu++14";
				CLANG_CXX_LIBRARY = "libc++";
				CLANG_ENABLE_MODULES = YES;
				CLANG_ENABLE_OBJC_ARC = YES;
				CLANG_ENABLE_OBJC_WEAK = YES;
				CLANG_WARN_BLOCK_CAPTURE_AUTORELEASING = YES;
				CLANG_WARN_BOOL_CONVERSION = YES;
				CLANG_WARN_COMMA = YES;
				CLANG_WARN_CONSTANT_CONVERSION = YES;
				CLANG_WARN_DEPRECATED_OBJC_IMPLEMENTATIONS = YES;
				CLANG_WARN_DIRECT_OBJC_ISA_USAGE = YES_ERROR;
				CLANG_WARN_DOCUMENTATION_COMMENTS = YES;
				CLANG_WARN_EMPTY_BODY = YES;
				CLANG_WARN_ENUM_CONVERSION = YES;
				CLANG_WARN_INFINITE_RECURSION = YES;
				CLANG_WARN_INT_CONVERSION = YES;
				CLANG_WARN_NON_LITERAL_NULL_CONVERSION = YES;
				CLANG_WARN_OBJC_IMPLICIT_RETAIN_SELF = YES;
				CLANG_WARN_OBJC_LITERAL_CONVERSION = YES;
				CLANG_WARN_OBJC_ROOT_CLASS = YES_ERROR;
				CLANG_WARN_RANGE_LOOP_ANALYSIS = YES;
				CLANG_WARN_STRICT_PROTOTYPES = YES;
				CLANG_WARN_SUSPICIOUS_MOVE = YES;
				CLANG_WARN_UNGUARDED_AVAILABILITY = YES_AGGRESSIVE;
				CLANG_WARN_UNREACHABLE_CODE = YES;
				CLANG_WARN__DUPLICATE_METHOD_MATCH = YES;
				COPY_PHASE_STRIP = NO;
				DEBUG_INFORMATION_FORMAT = dwarf;
				ENABLE_STRICT_OBJC_MSGSEND = YES;
				ENABLE_TESTABILITY = YES;
				GCC_C_LANGUAGE_STANDARD = gnu11;
				GCC_DYNAMIC_NO_PIC = NO;
				GCC_NO_COMMON_BLOCKS = YES;
				GCC_OPTIMIZATION_LEVEL = 0;
				GCC_PREPROCESSOR_DEFINITIONS = (
					"DEBUG=1",
					"$(inherited)",
				);
				GCC_WARN_64_TO_32_BIT_CONVERSION = YES;
				GCC_WARN_ABOUT_RETURN_TYPE = YES_ERROR;
				GCC_WARN_UNDECLARED_SELECTOR = YES;
				GCC_WARN_UNINITIALIZED_AUTOS = YES_AGGRESSIVE;
				GCC_WARN_UNUSED_FUNCTION = YES;
				GCC_WARN_UNUSED_VARIABLE = YES;
				IPHONEOS_DEPLOYMENT_TARGET = 13.4;
				MTL_ENABLE_DEBUG_INFO = INCLUDE_SOURCE;
				MTL_FAST_MATH = YES;
				ONLY_ACTIVE_ARCH = YES;
				SDKROOT = iphoneos;
				SWIFT_ACTIVE_COMPILATION_CONDITIONS = DEBUG;
				SWIFT_OPTIMIZATION_LEVEL = "-Onone";
			};
			name = Debug;
		};
		C6C53CD42457551A00F1F361 /* Release */ = {
			isa = XCBuildConfiguration;
			buildSettings = {
				ALWAYS_SEARCH_USER_PATHS = NO;
				CLANG_ANALYZER_NONNULL = YES;
				CLANG_ANALYZER_NUMBER_OBJECT_CONVERSION = YES_AGGRESSIVE;
				CLANG_CXX_LANGUAGE_STANDARD = "gnu++14";
				CLANG_CXX_LIBRARY = "libc++";
				CLANG_ENABLE_MODULES = YES;
				CLANG_ENABLE_OBJC_ARC = YES;
				CLANG_ENABLE_OBJC_WEAK = YES;
				CLANG_WARN_BLOCK_CAPTURE_AUTORELEASING = YES;
				CLANG_WARN_BOOL_CONVERSION = YES;
				CLANG_WARN_COMMA = YES;
				CLANG_WARN_CONSTANT_CONVERSION = YES;
				CLANG_WARN_DEPRECATED_OBJC_IMPLEMENTATIONS = YES;
				CLANG_WARN_DIRECT_OBJC_ISA_USAGE = YES_ERROR;
				CLANG_WARN_DOCUMENTATION_COMMENTS = YES;
				CLANG_WARN_EMPTY_BODY = YES;
				CLANG_WARN_ENUM_CONVERSION = YES;
				CLANG_WARN_INFINITE_RECURSION = YES;
				CLANG_WARN_INT_CONVERSION = YES;
				CLANG_WARN_NON_LITERAL_NULL_CONVERSION = YES;
				CLANG_WARN_OBJC_IMPLICIT_RETAIN_SELF = YES;
				CLANG_WARN_OBJC_LITERAL_CONVERSION = YES;
				CLANG_WARN_OBJC_ROOT_CLASS = YES_ERROR;
				CLANG_WARN_RANGE_LOOP_ANALYSIS = YES;
				CLANG_WARN_STRICT_PROTOTYPES = YES;
				CLANG_WARN_SUSPICIOUS_MOVE = YES;
				CLANG_WARN_UNGUARDED_AVAILABILITY = YES_AGGRESSIVE;
				CLANG_WARN_UNREACHABLE_CODE = YES;
				CLANG_WARN__DUPLICATE_METHOD_MATCH = YES;
				COPY_PHASE_STRIP = NO;
				DEBUG_INFORMATION_FORMAT = "dwarf-with-dsym";
				ENABLE_NS_ASSERTIONS = NO;
				ENABLE_STRICT_OBJC_MSGSEND = YES;
				GCC_C_LANGUAGE_STANDARD = gnu11;
				GCC_NO_COMMON_BLOCKS = YES;
				GCC_WARN_64_TO_32_BIT_CONVERSION = YES;
				GCC_WARN_ABOUT_RETURN_TYPE = YES_ERROR;
				GCC_WARN_UNDECLARED_SELECTOR = YES;
				GCC_WARN_UNINITIALIZED_AUTOS = YES_AGGRESSIVE;
				GCC_WARN_UNUSED_FUNCTION = YES;
				GCC_WARN_UNUSED_VARIABLE = YES;
				IPHONEOS_DEPLOYMENT_TARGET = 13.4;
				MTL_ENABLE_DEBUG_INFO = NO;
				MTL_FAST_MATH = YES;
				SDKROOT = iphoneos;
				SWIFT_COMPILATION_MODE = wholemodule;
				SWIFT_OPTIMIZATION_LEVEL = "-O";
				VALIDATE_PRODUCT = YES;
			};
			name = Release;
		};
		C6C53CD62457551A00F1F361 /* Debug */ = {
			isa = XCBuildConfiguration;
			baseConfigurationReference = 2A700813B432E85823C5E5B9 /* Pods-BoardgameApp.debug.xcconfig */;
			buildSettings = {
				ASSETCATALOG_COMPILER_APPICON_NAME = AppIcon;
				CODE_SIGN_STYLE = Automatic;
				DEVELOPMENT_TEAM = JRUP55ZMLQ;
				INFOPLIST_FILE = BoardgameApp/Info.plist;
				LD_RUNPATH_SEARCH_PATHS = (
					"$(inherited)",
					"@executable_path/Frameworks",
				);
				PRODUCT_BUNDLE_IDENTIFIER = com.casandragrullon.BoardgameApp;
				PRODUCT_NAME = "$(TARGET_NAME)";
				SWIFT_VERSION = 5.0;
				TARGETED_DEVICE_FAMILY = "1,2";
			};
			name = Debug;
		};
		C6C53CD72457551A00F1F361 /* Release */ = {
			isa = XCBuildConfiguration;
			baseConfigurationReference = 38E47C788B31BB17FCAFAEE6 /* Pods-BoardgameApp.release.xcconfig */;
			buildSettings = {
				ASSETCATALOG_COMPILER_APPICON_NAME = AppIcon;
				CODE_SIGN_STYLE = Automatic;
				DEVELOPMENT_TEAM = JRUP55ZMLQ;
				INFOPLIST_FILE = BoardgameApp/Info.plist;
				LD_RUNPATH_SEARCH_PATHS = (
					"$(inherited)",
					"@executable_path/Frameworks",
				);
				PRODUCT_BUNDLE_IDENTIFIER = com.casandragrullon.BoardgameApp;
				PRODUCT_NAME = "$(TARGET_NAME)";
				SWIFT_VERSION = 5.0;
				TARGETED_DEVICE_FAMILY = "1,2";
			};
			name = Release;
		};
/* End XCBuildConfiguration section */

/* Begin XCConfigurationList section */
		C6C53CBC2457551700F1F361 /* Build configuration list for PBXProject "BoardgameApp" */ = {
			isa = XCConfigurationList;
			buildConfigurations = (
				C6C53CD32457551A00F1F361 /* Debug */,
				C6C53CD42457551A00F1F361 /* Release */,
			);
			defaultConfigurationIsVisible = 0;
			defaultConfigurationName = Release;
		};
		C6C53CD52457551A00F1F361 /* Build configuration list for PBXNativeTarget "BoardgameApp" */ = {
			isa = XCConfigurationList;
			buildConfigurations = (
				C6C53CD62457551A00F1F361 /* Debug */,
				C6C53CD72457551A00F1F361 /* Release */,
			);
			defaultConfigurationIsVisible = 0;
			defaultConfigurationName = Release;
		};
/* End XCConfigurationList section */

/* Begin XCRemoteSwiftPackageReference section */
		C670D79F24591CE400F556BE /* XCRemoteSwiftPackageReference "ImageKit" */ = {
			isa = XCRemoteSwiftPackageReference;
			repositoryURL = "https://github.com/alexpaul/ImageKit";
			requirement = {
				kind = upToNextMajorVersion;
				minimumVersion = 1.0.5;
			};
		};
/* End XCRemoteSwiftPackageReference section */

/* Begin XCSwiftPackageProductDependency section */
		C670D7A024591CE400F556BE /* ImageKit */ = {
			isa = XCSwiftPackageProductDependency;
			package = C670D79F24591CE400F556BE /* XCRemoteSwiftPackageReference "ImageKit" */;
			productName = ImageKit;
		};
/* End XCSwiftPackageProductDependency section */
	};
	rootObject = C6C53CB92457551700F1F361 /* Project object */;
}
